// !$*UTF8*$!
{
	archiveVersion = 1;
	classes = {
	};
	objectVersion = 55;
	objects = {

/* Begin PBXBuildFile section */
		37130E09286A9D2600E45002 /* FlightBookerApp.swift in Sources */ = {isa = PBXBuildFile; fileRef = 37130E08286A9D2600E45002 /* FlightBookerApp.swift */; };
		37130E0B286A9D2600E45002 /* ContentView.swift in Sources */ = {isa = PBXBuildFile; fileRef = 37130E0A286A9D2600E45002 /* ContentView.swift */; };
		37130E0D286A9D2700E45002 /* Assets.xcassets in Resources */ = {isa = PBXBuildFile; fileRef = 37130E0C286A9D2700E45002 /* Assets.xcassets */; };
		37130E10286A9D2700E45002 /* Preview Assets.xcassets in Resources */ = {isa = PBXBuildFile; fileRef = 37130E0F286A9D2700E45002 /* Preview Assets.xcassets */; };
		37130E1B286A9D2700E45002 /* FlightBookerTests.swift in Sources */ = {isa = PBXBuildFile; fileRef = 37130E1A286A9D2700E45002 /* FlightBookerTests.swift */; };
		37130E25286A9D2700E45002 /* FlightBookerUITests.swift in Sources */ = {isa = PBXBuildFile; fileRef = 37130E24286A9D2700E45002 /* FlightBookerUITests.swift */; };
		37130E27286A9D2700E45002 /* FlightBookerUITestsLaunchTests.swift in Sources */ = {isa = PBXBuildFile; fileRef = 37130E26286A9D2700E45002 /* FlightBookerUITestsLaunchTests.swift */; };
/* End PBXBuildFile section */

/* Begin PBXContainerItemProxy section */
		37130E17286A9D2700E45002 /* PBXContainerItemProxy */ = {
			isa = PBXContainerItemProxy;
			containerPortal = 37130DFD286A9D2600E45002 /* Project object */;
			proxyType = 1;
			remoteGlobalIDString = 37130E04286A9D2600E45002;
			remoteInfo = FlightBooker;
		};
		37130E21286A9D2700E45002 /* PBXContainerItemProxy */ = {
			isa = PBXContainerItemProxy;
			containerPortal = 37130DFD286A9D2600E45002 /* Project object */;
			proxyType = 1;
			remoteGlobalIDString = 37130E04286A9D2600E45002;
			remoteInfo = FlightBooker;
		};
/* End PBXContainerItemProxy section */

/* Begin PBXFileReference section */
		37130E05286A9D2600E45002 /* FlightBooker.app */ = {isa = PBXFileReference; explicitFileType = wrapper.application; includeInIndex = 0; path = FlightBooker.app; sourceTree = BUILT_PRODUCTS_DIR; };
		37130E08286A9D2600E45002 /* FlightBookerApp.swift */ = {isa = PBXFileReference; lastKnownFileType = sourcecode.swift; path = FlightBookerApp.swift; sourceTree = "<group>"; };
		37130E0A286A9D2600E45002 /* ContentView.swift */ = {isa = PBXFileReference; lastKnownFileType = sourcecode.swift; path = ContentView.swift; sourceTree = "<group>"; };
		37130E0C286A9D2700E45002 /* Assets.xcassets */ = {isa = PBXFileReference; lastKnownFileType = folder.assetcatalog; path = Assets.xcassets; sourceTree = "<group>"; };
		37130E0F286A9D2700E45002 /* Preview Assets.xcassets */ = {isa = PBXFileReference; lastKnownFileType = folder.assetcatalog; path = "Preview Assets.xcassets"; sourceTree = "<group>"; };
		37130E11286A9D2700E45002 /* FlightBooker.entitlements */ = {isa = PBXFileReference; lastKnownFileType = text.plist.entitlements; path = FlightBooker.entitlements; sourceTree = "<group>"; };
		37130E16286A9D2700E45002 /* FlightBookerTests.xctest */ = {isa = PBXFileReference; explicitFileType = wrapper.cfbundle; includeInIndex = 0; path = FlightBookerTests.xctest; sourceTree = BUILT_PRODUCTS_DIR; };
		37130E1A286A9D2700E45002 /* FlightBookerTests.swift */ = {isa = PBXFileReference; lastKnownFileType = sourcecode.swift; path = FlightBookerTests.swift; sourceTree = "<group>"; };
		37130E20286A9D2700E45002 /* FlightBookerUITests.xctest */ = {isa = PBXFileReference; explicitFileType = wrapper.cfbundle; includeInIndex = 0; path = FlightBookerUITests.xctest; sourceTree = BUILT_PRODUCTS_DIR; };
		37130E24286A9D2700E45002 /* FlightBookerUITests.swift */ = {isa = PBXFileReference; lastKnownFileType = sourcecode.swift; path = FlightBookerUITests.swift; sourceTree = "<group>"; };
		37130E26286A9D2700E45002 /* FlightBookerUITestsLaunchTests.swift */ = {isa = PBXFileReference; lastKnownFileType = sourcecode.swift; path = FlightBookerUITestsLaunchTests.swift; sourceTree = "<group>"; };
/* End PBXFileReference section */

/* Begin PBXFrameworksBuildPhase section */
		37130E02286A9D2600E45002 /* Frameworks */ = {
			isa = PBXFrameworksBuildPhase;
			buildActionMask = 2147483647;
			files = (
			);
			runOnlyForDeploymentPostprocessing = 0;
		};
		37130E13286A9D2700E45002 /* Frameworks */ = {
			isa = PBXFrameworksBuildPhase;
			buildActionMask = 2147483647;
			files = (
			);
			runOnlyForDeploymentPostprocessing = 0;
		};
		37130E1D286A9D2700E45002 /* Frameworks */ = {
			isa = PBXFrameworksBuildPhase;
			buildActionMask = 2147483647;
			files = (
			);
			runOnlyForDeploymentPostprocessing = 0;
		};
/* End PBXFrameworksBuildPhase section */

/* Begin PBXGroup section */
		37130DFC286A9D2600E45002 = {
			isa = PBXGroup;
			children = (
				37130E07286A9D2600E45002 /* FlightBooker */,
				37130E19286A9D2700E45002 /* FlightBookerTests */,
				37130E23286A9D2700E45002 /* FlightBookerUITests */,
				37130E06286A9D2600E45002 /* Products */,
			);
			sourceTree = "<group>";
		};
		37130E06286A9D2600E45002 /* Products */ = {
			isa = PBXGroup;
			children = (
				37130E05286A9D2600E45002 /* FlightBooker.app */,
				37130E16286A9D2700E45002 /* FlightBookerTests.xctest */,
				37130E20286A9D2700E45002 /* FlightBookerUITests.xctest */,
			);
			name = Products;
			sourceTree = "<group>";
		};
		37130E07286A9D2600E45002 /* FlightBooker */ = {
			isa = PBXGroup;
			children = (
				37130E08286A9D2600E45002 /* FlightBookerApp.swift */,
				37130E0A286A9D2600E45002 /* ContentView.swift */,
				37130E0C286A9D2700E45002 /* Assets.xcassets */,
				37130E11286A9D2700E45002 /* FlightBooker.entitlements */,
				37130E0E286A9D2700E45002 /* Preview Content */,
			);
			path = FlightBooker;
			sourceTree = "<group>";
		};
		37130E0E286A9D2700E45002 /* Preview Content */ = {
			isa = PBXGroup;
			children = (
				37130E0F286A9D2700E45002 /* Preview Assets.xcassets */,
			);
			path = "Preview Content";
			sourceTree = "<group>";
		};
		37130E19286A9D2700E45002 /* FlightBookerTests */ = {
			isa = PBXGroup;
			children = (
				37130E1A286A9D2700E45002 /* FlightBookerTests.swift */,
			);
			path = FlightBookerTests;
			sourceTree = "<group>";
		};
		37130E23286A9D2700E45002 /* FlightBookerUITests */ = {
			isa = PBXGroup;
			children = (
				37130E24286A9D2700E45002 /* FlightBookerUITests.swift */,
				37130E26286A9D2700E45002 /* FlightBookerUITestsLaunchTests.swift */,
			);
			path = FlightBookerUITests;
			sourceTree = "<group>";
		};
/* End PBXGroup section */

/* Begin PBXNativeTarget section */
		37130E04286A9D2600E45002 /* FlightBooker */ = {
			isa = PBXNativeTarget;
			buildConfigurationList = 37130E2A286A9D2700E45002 /* Build configuration list for PBXNativeTarget "FlightBooker" */;
			buildPhases = (
				37130E01286A9D2600E45002 /* Sources */,
				37130E02286A9D2600E45002 /* Frameworks */,
				37130E03286A9D2600E45002 /* Resources */,
			);
			buildRules = (
			);
			dependencies = (
			);
			name = FlightBooker;
			productName = FlightBooker;
			productReference = 37130E05286A9D2600E45002 /* FlightBooker.app */;
			productType = "com.apple.product-type.application";
		};
		37130E15286A9D2700E45002 /* FlightBookerTests */ = {
			isa = PBXNativeTarget;
			buildConfigurationList = 37130E2D286A9D2700E45002 /* Build configuration list for PBXNativeTarget "FlightBookerTests" */;
			buildPhases = (
				37130E12286A9D2700E45002 /* Sources */,
				37130E13286A9D2700E45002 /* Frameworks */,
				37130E14286A9D2700E45002 /* Resources */,
			);
			buildRules = (
			);
			dependencies = (
				37130E18286A9D2700E45002 /* PBXTargetDependency */,
			);
			name = FlightBookerTests;
			productName = FlightBookerTests;
			productReference = 37130E16286A9D2700E45002 /* FlightBookerTests.xctest */;
			productType = "com.apple.product-type.bundle.unit-test";
		};
		37130E1F286A9D2700E45002 /* FlightBookerUITests */ = {
			isa = PBXNativeTarget;
			buildConfigurationList = 37130E30286A9D2700E45002 /* Build configuration list for PBXNativeTarget "FlightBookerUITests" */;
			buildPhases = (
				37130E1C286A9D2700E45002 /* Sources */,
				37130E1D286A9D2700E45002 /* Frameworks */,
				37130E1E286A9D2700E45002 /* Resources */,
			);
			buildRules = (
			);
			dependencies = (
				37130E22286A9D2700E45002 /* PBXTargetDependency */,
			);
			name = FlightBookerUITests;
			productName = FlightBookerUITests;
			productReference = 37130E20286A9D2700E45002 /* FlightBookerUITests.xctest */;
			productType = "com.apple.product-type.bundle.ui-testing";
		};
/* End PBXNativeTarget section */

/* Begin PBXProject section */
		37130DFD286A9D2600E45002 /* Project object */ = {
			isa = PBXProject;
			attributes = {
				BuildIndependentTargetsInParallel = 1;
				LastSwiftUpdateCheck = 1340;
				LastUpgradeCheck = 1340;
				TargetAttributes = {
					37130E04286A9D2600E45002 = {
						CreatedOnToolsVersion = 13.4.1;
					};
					37130E15286A9D2700E45002 = {
						CreatedOnToolsVersion = 13.4.1;
						TestTargetID = 37130E04286A9D2600E45002;
					};
					37130E1F286A9D2700E45002 = {
						CreatedOnToolsVersion = 13.4.1;
						TestTargetID = 37130E04286A9D2600E45002;
					};
				};
			};
			buildConfigurationList = 37130E00286A9D2600E45002 /* Build configuration list for PBXProject "FlightBooker" */;
			compatibilityVersion = "Xcode 13.0";
			developmentRegion = en;
			hasScannedForEncodings = 0;
			knownRegions = (
				en,
				Base,
			);
			mainGroup = 37130DFC286A9D2600E45002;
			productRefGroup = 37130E06286A9D2600E45002 /* Products */;
			projectDirPath = "";
			projectRoot = "";
			targets = (
				37130E04286A9D2600E45002 /* FlightBooker */,
				37130E15286A9D2700E45002 /* FlightBookerTests */,
				37130E1F286A9D2700E45002 /* FlightBookerUITests */,
			);
		};
/* End PBXProject section */

/* Begin PBXResourcesBuildPhase section */
		37130E03286A9D2600E45002 /* Resources */ = {
			isa = PBXResourcesBuildPhase;
			buildActionMask = 2147483647;
			files = (
				37130E10286A9D2700E45002 /* Preview Assets.xcassets in Resources */,
				37130E0D286A9D2700E45002 /* Assets.xcassets in Resources */,
			);
			runOnlyForDeploymentPostprocessing = 0;
		};
		37130E14286A9D2700E45002 /* Resources */ = {
			isa = PBXResourcesBuildPhase;
			buildActionMask = 2147483647;
			files = (
			);
			runOnlyForDeploymentPostprocessing = 0;
		};
		37130E1E286A9D2700E45002 /* Resources */ = {
			isa = PBXResourcesBuildPhase;
			buildActionMask = 2147483647;
			files = (
			);
			runOnlyForDeploymentPostprocessing = 0;
		};
/* End PBXResourcesBuildPhase section */

/* Begin PBXSourcesBuildPhase section */
		37130E01286A9D2600E45002 /* Sources */ = {
			isa = PBXSourcesBuildPhase;
			buildActionMask = 2147483647;
			files = (
				37130E0B286A9D2600E45002 /* ContentView.swift in Sources */,
				37130E09286A9D2600E45002 /* FlightBookerApp.swift in Sources */,
			);
			runOnlyForDeploymentPostprocessing = 0;
		};
		37130E12286A9D2700E45002 /* Sources */ = {
			isa = PBXSourcesBuildPhase;
			buildActionMask = 2147483647;
			files = (
				37130E1B286A9D2700E45002 /* FlightBookerTests.swift in Sources */,
			);
			runOnlyForDeploymentPostprocessing = 0;
		};
		37130E1C286A9D2700E45002 /* Sources */ = {
			isa = PBXSourcesBuildPhase;
			buildActionMask = 2147483647;
			files = (
				37130E27286A9D2700E45002 /* FlightBookerUITestsLaunchTests.swift in Sources */,
				37130E25286A9D2700E45002 /* FlightBookerUITests.swift in Sources */,
			);
			runOnlyForDeploymentPostprocessing = 0;
		};
/* End PBXSourcesBuildPhase section */

/* Begin PBXTargetDependency section */
		37130E18286A9D2700E45002 /* PBXTargetDependency */ = {
			isa = PBXTargetDependency;
			target = 37130E04286A9D2600E45002 /* FlightBooker */;
			targetProxy = 37130E17286A9D2700E45002 /* PBXContainerItemProxy */;
		};
		37130E22286A9D2700E45002 /* PBXTargetDependency */ = {
			isa = PBXTargetDependency;
			target = 37130E04286A9D2600E45002 /* FlightBooker */;
			targetProxy = 37130E21286A9D2700E45002 /* PBXContainerItemProxy */;
		};
/* End PBXTargetDependency section */

/* Begin XCBuildConfiguration section */
		37130E28286A9D2700E45002 /* Debug */ = {
			isa = XCBuildConfiguration;
			buildSettings = {
				ALWAYS_SEARCH_USER_PATHS = NO;
				CLANG_ANALYZER_NONNULL = YES;
				CLANG_ANALYZER_NUMBER_OBJECT_CONVERSION = YES_AGGRESSIVE;
				CLANG_CXX_LANGUAGE_STANDARD = "gnu++17";
				CLANG_ENABLE_MODULES = YES;
				CLANG_ENABLE_OBJC_ARC = YES;
				CLANG_ENABLE_OBJC_WEAK = YES;
				CLANG_WARN_BLOCK_CAPTURE_AUTORELEASING = YES;
				CLANG_WARN_BOOL_CONVERSION = YES;
				CLANG_WARN_COMMA = YES;
				CLANG_WARN_CONSTANT_CONVERSION = YES;
				CLANG_WARN_DEPRECATED_OBJC_IMPLEMENTATIONS = YES;
				CLANG_WARN_DIRECT_OBJC_ISA_USAGE = YES_ERROR;
				CLANG_WARN_DOCUMENTATION_COMMENTS = YES;
				CLANG_WARN_EMPTY_BODY = YES;
				CLANG_WARN_ENUM_CONVERSION = YES;
				CLANG_WARN_INFINITE_RECURSION = YES;
				CLANG_WARN_INT_CONVERSION = YES;
				CLANG_WARN_NON_LITERAL_NULL_CONVERSION = YES;
				CLANG_WARN_OBJC_IMPLICIT_RETAIN_SELF = YES;
				CLANG_WARN_OBJC_LITERAL_CONVERSION = YES;
				CLANG_WARN_OBJC_ROOT_CLASS = YES_ERROR;
				CLANG_WARN_QUOTED_INCLUDE_IN_FRAMEWORK_HEADER = YES;
				CLANG_WARN_RANGE_LOOP_ANALYSIS = YES;
				CLANG_WARN_STRICT_PROTOTYPES = YES;
				CLANG_WARN_SUSPICIOUS_MOVE = YES;
				CLANG_WARN_UNGUARDED_AVAILABILITY = YES_AGGRESSIVE;
				CLANG_WARN_UNREACHABLE_CODE = YES;
				CLANG_WARN__DUPLICATE_METHOD_MATCH = YES;
				COPY_PHASE_STRIP = NO;
				DEBUG_INFORMATION_FORMAT = dwarf;
				ENABLE_STRICT_OBJC_MSGSEND = YES;
				ENABLE_TESTABILITY = YES;
				GCC_C_LANGUAGE_STANDARD = gnu11;
				GCC_DYNAMIC_NO_PIC = NO;
				GCC_NO_COMMON_BLOCKS = YES;
				GCC_OPTIMIZATION_LEVEL = 0;
				GCC_PREPROCESSOR_DEFINITIONS = (
					"DEBUG=1",
					"$(inherited)",
				);
				GCC_WARN_64_TO_32_BIT_CONVERSION = YES;
				GCC_WARN_ABOUT_RETURN_TYPE = YES_ERROR;
				GCC_WARN_UNDECLARED_SELECTOR = YES;
				GCC_WARN_UNINITIALIZED_AUTOS = YES_AGGRESSIVE;
				GCC_WARN_UNUSED_FUNCTION = YES;
				GCC_WARN_UNUSED_VARIABLE = YES;
				MACOSX_DEPLOYMENT_TARGET = 12.3;
				MTL_ENABLE_DEBUG_INFO = INCLUDE_SOURCE;
				MTL_FAST_MATH = YES;
				ONLY_ACTIVE_ARCH = YES;
				SDKROOT = macosx;
				SWIFT_ACTIVE_COMPILATION_CONDITIONS = DEBUG;
				SWIFT_OPTIMIZATION_LEVEL = "-Onone";
			};
			name = Debug;
		};
		37130E29286A9D2700E45002 /* Release */ = {
			isa = XCBuildConfiguration;
			buildSettings = {
				ALWAYS_SEARCH_USER_PATHS = NO;
				CLANG_ANALYZER_NONNULL = YES;
				CLANG_ANALYZER_NUMBER_OBJECT_CONVERSION = YES_AGGRESSIVE;
				CLANG_CXX_LANGUAGE_STANDARD = "gnu++17";
				CLANG_ENABLE_MODULES = YES;
				CLANG_ENABLE_OBJC_ARC = YES;
				CLANG_ENABLE_OBJC_WEAK = YES;
				CLANG_WARN_BLOCK_CAPTURE_AUTORELEASING = YES;
				CLANG_WARN_BOOL_CONVERSION = YES;
				CLANG_WARN_COMMA = YES;
				CLANG_WARN_CONSTANT_CONVERSION = YES;
				CLANG_WARN_DEPRECATED_OBJC_IMPLEMENTATIONS = YES;
				CLANG_WARN_DIRECT_OBJC_ISA_USAGE = YES_ERROR;
				CLANG_WARN_DOCUMENTATION_COMMENTS = YES;
				CLANG_WARN_EMPTY_BODY = YES;
				CLANG_WARN_ENUM_CONVERSION = YES;
				CLANG_WARN_INFINITE_RECURSION = YES;
				CLANG_WARN_INT_CONVERSION = YES;
				CLANG_WARN_NON_LITERAL_NULL_CONVERSION = YES;
				CLANG_WARN_OBJC_IMPLICIT_RETAIN_SELF = YES;
				CLANG_WARN_OBJC_LITERAL_CONVERSION = YES;
				CLANG_WARN_OBJC_ROOT_CLASS = YES_ERROR;
				CLANG_WARN_QUOTED_INCLUDE_IN_FRAMEWORK_HEADER = YES;
				CLANG_WARN_RANGE_LOOP_ANALYSIS = YES;
				CLANG_WARN_STRICT_PROTOTYPES = YES;
				CLANG_WARN_SUSPICIOUS_MOVE = YES;
				CLANG_WARN_UNGUARDED_AVAILABILITY = YES_AGGRESSIVE;
				CLANG_WARN_UNREACHABLE_CODE = YES;
				CLANG_WARN__DUPLICATE_METHOD_MATCH = YES;
				COPY_PHASE_STRIP = NO;
				DEBUG_INFORMATION_FORMAT = "dwarf-with-dsym";
				ENABLE_NS_ASSERTIONS = NO;
				ENABLE_STRICT_OBJC_MSGSEND = YES;
				GCC_C_LANGUAGE_STANDARD = gnu11;
				GCC_NO_COMMON_BLOCKS = YES;
				GCC_WARN_64_TO_32_BIT_CONVERSION = YES;
				GCC_WARN_ABOUT_RETURN_TYPE = YES_ERROR;
				GCC_WARN_UNDECLARED_SELECTOR = YES;
				GCC_WARN_UNINITIALIZED_AUTOS = YES_AGGRESSIVE;
				GCC_WARN_UNUSED_FUNCTION = YES;
				GCC_WARN_UNUSED_VARIABLE = YES;
				MACOSX_DEPLOYMENT_TARGET = 12.3;
				MTL_ENABLE_DEBUG_INFO = NO;
				MTL_FAST_MATH = YES;
				SDKROOT = macosx;
				SWIFT_COMPILATION_MODE = wholemodule;
				SWIFT_OPTIMIZATION_LEVEL = "-O";
			};
			name = Release;
		};
		37130E2B286A9D2700E45002 /* Debug */ = {
			isa = XCBuildConfiguration;
			buildSettings = {
				ASSETCATALOG_COMPILER_APPICON_NAME = AppIcon;
				ASSETCATALOG_COMPILER_GLOBAL_ACCENT_COLOR_NAME = AccentColor;
				CODE_SIGN_ENTITLEMENTS = FlightBooker/FlightBooker.entitlements;
				CODE_SIGN_STYLE = Automatic;
				COMBINE_HIDPI_IMAGES = YES;
				CURRENT_PROJECT_VERSION = 1;
				DEVELOPMENT_ASSET_PATHS = "\"FlightBooker/Preview Content\"";
				DEVELOPMENT_TEAM = LHMPQ89Z7C;
				ENABLE_HARDENED_RUNTIME = YES;
				ENABLE_PREVIEWS = YES;
				GENERATE_INFOPLIST_FILE = YES;
				INFOPLIST_KEY_NSHumanReadableCopyright = "";
				LD_RUNPATH_SEARCH_PATHS = (
					"$(inherited)",
					"@executable_path/../Frameworks",
				);
				MARKETING_VERSION = 1.0;
				PRODUCT_BUNDLE_IDENTIFIER = com.gpanders.FlightBooker;
				PRODUCT_NAME = "$(TARGET_NAME)";
				SWIFT_EMIT_LOC_STRINGS = YES;
				SWIFT_VERSION = 5.0;
			};
			name = Debug;
		};
		37130E2C286A9D2700E45002 /* Release */ = {
			isa = XCBuildConfiguration;
			buildSettings = {
				ASSETCATALOG_COMPILER_APPICON_NAME = AppIcon;
				ASSETCATALOG_COMPILER_GLOBAL_ACCENT_COLOR_NAME = AccentColor;
				CODE_SIGN_ENTITLEMENTS = FlightBooker/FlightBooker.entitlements;
				CODE_SIGN_STYLE = Automatic;
				COMBINE_HIDPI_IMAGES = YES;
				CURRENT_PROJECT_VERSION = 1;
				DEVELOPMENT_ASSET_PATHS = "\"FlightBooker/Preview Content\"";
				DEVELOPMENT_TEAM = LHMPQ89Z7C;
				ENABLE_HARDENED_RUNTIME = YES;
				ENABLE_PREVIEWS = YES;
				GENERATE_INFOPLIST_FILE = YES;
				INFOPLIST_KEY_NSHumanReadableCopyright = "";
				LD_RUNPATH_SEARCH_PATHS = (
					"$(inherited)",
					"@executable_path/../Frameworks",
				);
				MARKETING_VERSION = 1.0;
				PRODUCT_BUNDLE_IDENTIFIER = com.gpanders.FlightBooker;
				PRODUCT_NAME = "$(TARGET_NAME)";
				SWIFT_EMIT_LOC_STRINGS = YES;
				SWIFT_VERSION = 5.0;
			};
			name = Release;
		};
		37130E2E286A9D2700E45002 /* Debug */ = {
			isa = XCBuildConfiguration;
			buildSettings = {
				ALWAYS_EMBED_SWIFT_STANDARD_LIBRARIES = YES;
				BUNDLE_LOADER = "$(TEST_HOST)";
				CODE_SIGN_STYLE = Automatic;
				CURRENT_PROJECT_VERSION = 1;
				DEVELOPMENT_TEAM = LHMPQ89Z7C;
				GENERATE_INFOPLIST_FILE = YES;
				MACOSX_DEPLOYMENT_TARGET = 12.3;
				MARKETING_VERSION = 1.0;
				PRODUCT_BUNDLE_IDENTIFIER = com.gpanders.FlightBookerTests;
				PRODUCT_NAME = "$(TARGET_NAME)";
				SWIFT_EMIT_LOC_STRINGS = NO;
				SWIFT_VERSION = 5.0;
				TEST_HOST = "$(BUILT_PRODUCTS_DIR)/FlightBooker.app/Contents/MacOS/FlightBooker";
			};
			name = Debug;
		};
		37130E2F286A9D2700E45002 /* Release */ = {
			isa = XCBuildConfiguration;
			buildSettings = {
				ALWAYS_EMBED_SWIFT_STANDARD_LIBRARIES = YES;
				BUNDLE_LOADER = "$(TEST_HOST)";
				CODE_SIGN_STYLE = Automatic;
				CURRENT_PROJECT_VERSION = 1;
				DEVELOPMENT_TEAM = LHMPQ89Z7C;
				GENERATE_INFOPLIST_FILE = YES;
				MACOSX_DEPLOYMENT_TARGET = 12.3;
				MARKETING_VERSION = 1.0;
				PRODUCT_BUNDLE_IDENTIFIER = com.gpanders.FlightBookerTests;
				PRODUCT_NAME = "$(TARGET_NAME)";
				SWIFT_EMIT_LOC_STRINGS = NO;
				SWIFT_VERSION = 5.0;
				TEST_HOST = "$(BUILT_PRODUCTS_DIR)/FlightBooker.app/Contents/MacOS/FlightBooker";
			};
			name = Release;
		};
		37130E31286A9D2700E45002 /* Debug */ = {
			isa = XCBuildConfiguration;
			buildSettings = {
				ALWAYS_EMBED_SWIFT_STANDARD_LIBRARIES = YES;
				CODE_SIGN_STYLE = Automatic;
				CURRENT_PROJECT_VERSION = 1;
				DEVELOPMENT_TEAM = LHMPQ89Z7C;
				GENERATE_INFOPLIST_FILE = YES;
				MARKETING_VERSION = 1.0;
				PRODUCT_BUNDLE_IDENTIFIER = com.gpanders.FlightBookerUITests;
				PRODUCT_NAME = "$(TARGET_NAME)";
				SWIFT_EMIT_LOC_STRINGS = NO;
				SWIFT_VERSION = 5.0;
				TEST_TARGET_NAME = FlightBooker;
			};
			name = Debug;
		};
		37130E32286A9D2700E45002 /* Release */ = {
			isa = XCBuildConfiguration;
			buildSettings = {
				ALWAYS_EMBED_SWIFT_STANDARD_LIBRARIES = YES;
				CODE_SIGN_STYLE = Automatic;
				CURRENT_PROJECT_VERSION = 1;
				DEVELOPMENT_TEAM = LHMPQ89Z7C;
				GENERATE_INFOPLIST_FILE = YES;
				MARKETING_VERSION = 1.0;
				PRODUCT_BUNDLE_IDENTIFIER = com.gpanders.FlightBookerUITests;
				PRODUCT_NAME = "$(TARGET_NAME)";
				SWIFT_EMIT_LOC_STRINGS = NO;
				SWIFT_VERSION = 5.0;
				TEST_TARGET_NAME = FlightBooker;
			};
			name = Release;
		};
/* End XCBuildConfiguration section */

/* Begin XCConfigurationList section */
		37130E00286A9D2600E45002 /* Build configuration list for PBXProject "FlightBooker" */ = {
			isa = XCConfigurationList;
			buildConfigurations = (
				37130E28286A9D2700E45002 /* Debug */,
				37130E29286A9D2700E45002 /* Release */,
			);
			defaultConfigurationIsVisible = 0;
			defaultConfigurationName = Release;
		};
		37130E2A286A9D2700E45002 /* Build configuration list for PBXNativeTarget "FlightBooker" */ = {
			isa = XCConfigurationList;
			buildConfigurations = (
				37130E2B286A9D2700E45002 /* Debug */,
				37130E2C286A9D2700E45002 /* Release */,
			);
			defaultConfigurationIsVisible = 0;
			defaultConfigurationName = Release;
		};
		37130E2D286A9D2700E45002 /* Build configuration list for PBXNativeTarget "FlightBookerTests" */ = {
			isa = XCConfigurationList;
			buildConfigurations = (
				37130E2E286A9D2700E45002 /* Debug */,
				37130E2F286A9D2700E45002 /* Release */,
			);
			defaultConfigurationIsVisible = 0;
			defaultConfigurationName = Release;
		};
		37130E30286A9D2700E45002 /* Build configuration list for PBXNativeTarget "FlightBookerUITests" */ = {
			isa = XCConfigurationList;
			buildConfigurations = (
				37130E31286A9D2700E45002 /* Debug */,
				37130E32286A9D2700E45002 /* Release */,
			);
			defaultConfigurationIsVisible = 0;
			defaultConfigurationName = Release;
		};
/* End XCConfigurationList section */
	};
	rootObject = 37130DFD286A9D2600E45002 /* Project object */;
}
